version = 1
revision = 3
requires-python = ">=3.10"

[[package]]
name = "scrabble-bot"
version = "0.1.0"
source = { virtual = "." }
dependencies = [
    { name = "swig" },
]

[package.metadata]
requires-dist = [{ name = "swig", specifier = ">=4.4.1" }]

[[package]]
name = "swig"
version = "4.4.1"
source = { registry = "https://pypi.org/simple" }
sdist = { url = "https://files.pythonhosted.org/packages/9c/99/0556919f96b1c291a7ff83793adb328e2a1a5e6cfb379d5acc637cdec959/swig-4.4.1.tar.gz", hash = "sha256:db9a625653f6454530a6c6553d17cf576d7aa2d253c76dc8cdd5979f0cb15012", size = 25956, upload-time = "2025-12-27T03:25:49.609Z" }
wheels = [
    { url = "https://files.pythonhosted.org/packages/5e/92/5c2d8617871eeda00467afe94a7d58a1ad0217d71a39905ed682da9dfef8/swig-4.4.1-py3-none-macosx_10_9_universal2.whl", hash = "sha256:c185b217d2ed96ef475c48956e52dd3572a63d3aa3344bc45ee3fb4dc339ada0", size = 2592417, upload-time = "2025-12-27T03:25:14.681Z" },
    { url = "https://files.pythonhosted.org/packages/c0/4d/860e5475fe38b9c7dc36f61d0c370a62b6cc725d2bd11ada1d22a60ff5f7/swig-4.4.1-py3-none-manylinux2014_aarch64.manylinux_2_17_aarch64.whl", hash = "sha256:520fde8805b4775ef3814576929b8c44d666220b06d8da625f292192f9e74fe8", size = 1917511, upload-time = "2025-12-27T03:25:18.064Z" },
    { url = "https://files.pythonhosted.org/packages/84/e1/5cd4de23ff2b1d225279f7c7826191b1dbdb77fc858fe12ee7be2562ddb7/swig-4.4.1-py3-none-manylinux2014_ppc64le.manylinux_2_17_ppc64le.whl", hash = "sha256:d8cca45a0e8d1e045a1490ea2d05bc1c49e2c266dbbe5954048e2a93d125ee07", size = 2066284, upload-time = "2025-12-27T03:25:19.624Z" },
    { url = "https://files.pythonhosted.org/packages/96/42/d49992f3c39c90d3d46c431a4afea60fc16bae542cf07f394b298a1b21b5/swig-4.4.1-py3-none-manylinux2014_s390x.manylinux_2_17_s390x.whl", hash = "sha256:bfe6ce6189fc8b983f65f5ed3db8e1d8be03accb0ec3869f986a8343f014e4d9", size = 1912492, upload-time = "2025-12-27T03:25:21.843Z" },
    { url = "https://files.pythonhosted.org/packages/10/2e/4baa50fcf932f9d58bc8394b211c7daf3b7ec1e53c08d560142f1bc99cb9/swig-4.4.1-py3-none-manylinux_2_12_i686.manylinux2010_i686.whl", hash = "sha256:9c98d7b882b6debe3cbb87e6503858e104162d7ce5ab4cfc23425da2e26e51b5", size = 1979872, upload-time = "2025-12-27T03:25:23.48Z" },
    { url = "https://files.pythonhosted.org/packages/fa/7b/e3a14d053fa18b0d2e14efcc21883816964ddbe52a0c43018e195a99aba2/swig-4.4.1-py3-none-manylinux_2_12_x86_64.manylinux2010_x86_64.whl", hash = "sha256:ae3da2bf679a4c942a2c100789395d4d167e7da8286018124e4665f5eff43e31", size = 1895896, upload-time = "2025-12-27T03:25:24.98Z" },
    { url = "https://files.pythonhosted.org/packages/f0/a6/c961a911385a4cc4ae10b4dcbcf5dede0407530e59870ce6e4f7bacce47d/swig-4.4.1-py3-none-manylinux_2_24_armv7l.manylinux_2_31_armv7l.whl", hash = "sha256:7945f153f7fc93f1ab280f44a3740d6bbfeec3829f954784ba83990fc61a11a8", size = 1912119, upload-time = "2025-12-27T03:25:27.661Z" },
    { url = "https://files.pythonhosted.org/packages/86/4b/a08a2673a2fd3185932db110de67a9f6fdfcece6bf9220e18502bf745f7e/swig-4.4.1-py3-none-manylinux_2_31_riscv64.whl", hash = "sha256:5a9c74b87151d8247d802bda33f78cab9f27c759f0605b760a8f9c9893b5606b", size = 1885810, upload-time = "2025-12-27T03:25:29.562Z" },
    { url = "https://files.pythonhosted.org/packages/7e/38/efa343b506221a9d43bb1132f08b29fcb07d4113165f598d8a1ea733a1e4/swig-4.4.1-py3-none-musllinux_1_2_aarch64.whl", hash = "sha256:a95ae66aebb8ccce4c50febd496e6927b888d98aba272dd5642fe9312bf61a3b", size = 2950985, upload-time = "2025-12-27T03:25:31.586Z" },
    { url = "https://files.pythonhosted.org/packages/de/0b/5b46e61798982f3cb0ed54fc30a30bad5fa6e3bdd1d9177e439976f7a7e5/swig-4.4.1-py3-none-musllinux_1_2_armv7l.whl", hash = "sha256:a8f06227e6472832dad3ae34d5bd88710b7bbb109f2927e14a21e6725146e944", size = 2781782, upload-time = "2025-12-27T03:25:33.534Z" },
    { url = "https://files.pythonhosted.org/packages/17/e6/a15efd9cbf39b1289ee7c1acb8d18824a0c2532b85cdbd93acfdf15ee000/swig-4.4.1-py3-none-musllinux_1_2_i686.whl", hash = "sha256:98d61b45215982dd3a71745dfc31599176ed79d286b58bc712c10ed031432fdf", size = 3272993, upload-time = "2025-12-27T03:25:35.862Z" },
    { url = "https://files.pythonhosted.org/packages/d6/fa/516b95f9966c57acf1da9f2eb22e4e63104452d6e28686d57b216171ee7c/swig-4.4.1-py3-none-musllinux_1_2_ppc64le.whl", hash = "sha256:b6909a8bd68037ea0df061a52c664431b062dbdfb1eb90768719518c120139d1", size = 3189093, upload-time = "2025-12-27T03:25:38.158Z" },
    { url = "https://files.pythonhosted.org/packages/0c/03/88ca92d3d8e9dd765a66985202db23745bd26a368570a8d8db9a218bfe90/swig-4.4.1-py3-none-musllinux_1_2_riscv64.whl", hash = "sha256:6a6a6331a5c7759ba5a910aa83aa5d33022b8e691b6cb466635c7fc2238facd2", size = 2967789, upload-time = "2025-12-27T03:25:40.24Z" },
    { url = "https://files.pythonhosted.org/packages/bf/97/5ca3d750f294048c983edfad1f2ad093a83480494fccb2f2e2496304f965/swig-4.4.1-py3-none-musllinux_1_2_s390x.whl", hash = "sha256:2d076358cded172d2f44b3c617923c593dbae664b3fa45051641f028f7f74010", size = 3203253, upload-time = "2025-12-27T03:25:41.953Z" },
    { url = "https://files.pythonhosted.org/packages/97/44/96586955c0f08b0b9b6c8b2b68ecb43a815da94d5362cfb6691ede3b9fdf/swig-4.4.1-py3-none-musllinux_1_2_x86_64.whl", hash = "sha256:43a0a876b4660f6addb6ae72d14a72324dc1388e1c168ed38bb00fd123048749", size = 3060721, upload-time = "2025-12-27T03:25:44.322Z" },
    { url = "https://files.pythonhosted.org/packages/a7/2f/7a6b14eea6d0247d3f803649f50df3cf3905714bd82f2c386fcfde9544f3/swig-4.4.1-py3-none-win_amd64.whl", hash = "sha256:4548c06ea2ed60c91f003bbc3892db58e185f572705653ab1470ca770f70495d", size = 2548684, upload-time = "2025-12-27T03:25:46.255Z" },
    { url = "https://files.pythonhosted.org/packages/26/c1/c316899d55a476ee9433bede6b94899b117c5e4b7947a073ef21053d4a21/swig-4.4.1-py3-none-win_arm64.whl", hash = "sha256:063224fe9a2f22fffc7d3b9add250112630f0e00f5f8dd9b9591ac106560177a", size = 2548683, upload-time = "2025-12-27T03:25:48.319Z" },
]
